
Microsoft Visual Studio Solution File, Format Version 12.00
# Visual Studio Version 17
VisualStudioVersion = 17.6.33513.286
MinimumVisualStudioVersion = 10.0.40219.1
Project("{FAE04EC0-301F-11D3-BF4B-00C04F79EFBC}") = "hanhkiemUtehy", "hanhkiemUtehy\hanhkiemUtehy.csproj", "{74DAA985-BADE-42F8-A7A4-4CC898B2A611}"
EndProject
Global
	GlobalSection(SolutionConfigurationPlatforms) = preSolution
		Debug|Any CPU = Debug|Any CPU
		Release|Any CPU = Release|Any CPU
	EndGlobalSection
	GlobalSection(ProjectConfigurationPlatforms) = postSolution
		{74DAA985-BADE-42F8-A7A4-4CC898B2A611}.Debug|Any CPU.ActiveCfg = Debug|Any CPU
		{74DAA985-BADE-42F8-A7A4-4CC898B2A611}.Debug|Any CPU.Build.0 = Debug|Any CPU
		{74DAA985-BADE-42F8-A7A4-4CC898B2A611}.Release|Any CPU.ActiveCfg = Release|Any CPU
		{74DAA985-BADE-42F8-A7A4-4CC898B2A611}.Release|Any CPU.Build.0 = Release|Any CPU
	EndGlobalSection
	GlobalSection(SolutionProperties) = preSolution
		HideSolutionNode = FALSE
	EndGlobalSection
	GlobalSection(ExtensibilityGlobals) = postSolution
		SolutionGuid = {E6963E1D-1051-499E-97A7-60131A85CC15}
	EndGlobalSection
EndGlobal
